
Microsoft Visual Studio Solution File, Format Version 11.00
# Visual Studio 2010
Project("{FAE04EC0-301F-11D3-BF4B-00C04F79EFBC}") = "WzrdCarry", "WzrdCarry\WzrdCarry.csproj", "{EC5A90D3-0663-4409-A2D8-4C28A566BCBC}"
EndProject
Global
	GlobalSection(SolutionConfigurationPlatforms) = preSolution
		Debug|Any CPU = Debug|Any CPU
		Release|Any CPU = Release|Any CPU
	EndGlobalSection
	GlobalSection(ProjectConfigurationPlatforms) = postSolution
		{EC5A90D3-0663-4409-A2D8-4C28A566BCBC}.Debug|Any CPU.ActiveCfg = Debug|Any CPU
		{EC5A90D3-0663-4409-A2D8-4C28A566BCBC}.Debug|Any CPU.Build.0 = Debug|Any CPU
		{EC5A90D3-0663-4409-A2D8-4C28A566BCBC}.Release|Any CPU.ActiveCfg = Release|Any CPU
		{EC5A90D3-0663-4409-A2D8-4C28A566BCBC}.Release|Any CPU.Build.0 = Release|Any CPU
	EndGlobalSection
	GlobalSection(SolutionProperties) = preSolution
		HideSolutionNode = FALSE
	EndGlobalSection
EndGlobal
